{
  "name": "smart_contracts",
  "version": "1.0.0",
  "lockfileVersion": 1,
  "requires": true,
  "dependencies": {
    "mocha-param": {
      "version": "2.0.0",
      "resolved": "https://registry.npmjs.org/mocha-param/-/mocha-param-2.0.0.tgz",
      "integrity": "sha512-fSdhAkOEEqGMO6MgyBwFD1/NzXaPSELZuz8I0sAKbd4CJRd2LKJpUQKlyX4VST4mT2zxn7Yh+Ek9GNVZTvdAXQ==",
      "dev": true
    },
    "openzeppelin-solidity": {
      "version": "2.0.0-rc.1",
      "resolved": "https://registry.npmjs.org/openzeppelin-solidity/-/openzeppelin-solidity-2.0.0-rc.1.tgz",
      "integrity": "sha512-ibGIkt71Kn7NIGHj5UzC/phaLTIlzTkB30H8dBaSzO4h5R576GiETEy2isONqd0QioYec1JsForJJNx8lx7PMg=="
    }
  }
}
